// !$*UTF8*$!
{
	archiveVersion = 1;
	classes = {
	};
	objectVersion = 44;
	objects = {

/* Begin PBXBuildFile section */
		77631A270C06C501005415CB /* Python.framework in Frameworks */ = {isa = PBXBuildFile; fileRef = 77631A260C06C501005415CB /* Python.framework */; };
		77631A3F0C0748CF005415CB /* main.py in Resources */ = {isa = PBXBuildFile; fileRef = 77631A3E0C0748CF005415CB /* main.py */; };
		7790198F0C07548A00326F66 /* PyShelfAppDelegate.py in Resources */ = {isa = PBXBuildFile; fileRef = 7790198E0C07548A00326F66 /* PyShelfAppDelegate.py */; };
		8D11072D0486CEB800E47090 /* main.m in Sources */ = {isa = PBXBuildFile; fileRef = 29B97316FDCFA39411CA2CEA /* main.m */; settings = {ATTRIBUTES = (); }; };
		8D11072F0486CEB800E47090 /* Cocoa.framework in Frameworks */ = {isa = PBXBuildFile; fileRef = 1058C7A1FEA54F0111CA2CBB /* Cocoa.framework */; };
		E61E42ED0D31419900C40C6E /* PyShelfWindowController.py in Resources */ = {isa = PBXBuildFile; fileRef = E61E42EC0D31419900C40C6E /* PyShelfWindowController.py */; };
		E649309A0D32894B00793315 /* ComAppleAddressBook.py in Resources */ = {isa = PBXBuildFile; fileRef = E64930990D32894B00793315 /* ComAppleAddressBook.py */; };
		E66862540D323D9A0051F65F /* DopplrProvider.py in Resources */ = {isa = PBXBuildFile; fileRef = E66862530D323D9A0051F65F /* DopplrProvider.py */; };
		E66862CC0D3245BA0051F65F /* FlickrProvider.py in Resources */ = {isa = PBXBuildFile; fileRef = E66862CB0D3245BA0051F65F /* FlickrProvider.py */; };
		E678866F0D3192A90024C8D6 /* microformatparser.py in Resources */ = {isa = PBXBuildFile; fileRef = E678866E0D3192A90024C8D6 /* microformatparser.py */; };
		E67886B50D320F100024C8D6 /* Credits.html in Resources */ = {isa = PBXBuildFile; fileRef = E67886B40D320F100024C8D6 /* Credits.html */; };
		E67886BA0D3223520024C8D6 /* Clue.py in Resources */ = {isa = PBXBuildFile; fileRef = E67886B90D3223520024C8D6 /* Clue.py */; };
		E6816B7B0D32372C0061EAD4 /* spinner.gif in Resources */ = {isa = PBXBuildFile; fileRef = E6816B7A0D32372C0061EAD4 /* spinner.gif */; };
		E68417430D314AA70002A660 /* ComAppleMail.py in Resources */ = {isa = PBXBuildFile; fileRef = E68417420D314AA70002A660 /* ComAppleMail.py */; };
		E68417450D314AC00002A660 /* Extractor.py in Resources */ = {isa = PBXBuildFile; fileRef = E68417440D314AC00002A660 /* Extractor.py */; };
		E68417B50D3158190002A660 /* MainMenu.xib in Resources */ = {isa = PBXBuildFile; fileRef = 77C8C1F80C07829500965286 /* MainMenu.xib */; };
		E68417B70D3158220002A660 /* InfoPlist.strings in Resources */ = {isa = PBXBuildFile; fileRef = 089C165DFE840E0CC02AAC07 /* InfoPlist.strings */; };
		E68418130D315C840002A660 /* BasicProvider.py in Resources */ = {isa = PBXBuildFile; fileRef = E68418120D315C840002A660 /* BasicProvider.py */; };
		E68418150D315C950002A660 /* Provider.py in Resources */ = {isa = PBXBuildFile; fileRef = E68418140D315C950002A660 /* Provider.py */; };
		E68418690D315F4D0002A660 /* Utilities.py in Resources */ = {isa = PBXBuildFile; fileRef = E68418680D315F4D0002A660 /* Utilities.py */; };
		E692373C0D32720A00231B16 /* ComAppleIChat.py in Resources */ = {isa = PBXBuildFile; fileRef = E692373B0D32720A00231B16 /* ComAppleIChat.py */; };
		E6B90E910D317E27002399DA /* ComIconfactoryTwitterrific.py in Resources */ = {isa = PBXBuildFile; fileRef = E6B90E900D317E27002399DA /* ComIconfactoryTwitterrific.py */; };
		E6B90EB40D317FC0002399DA /* ComAdiumXAdiumX.py in Resources */ = {isa = PBXBuildFile; fileRef = E6B90EB30D317FC0002399DA /* ComAdiumXAdiumX.py */; };
		E6D37BEB0D31692500557F3F /* feedparser.py in Resources */ = {isa = PBXBuildFile; fileRef = E6D37BEA0D31692500557F3F /* feedparser.py */; };
		E6D37BEE0D31693300557F3F /* FeedProvider.py in Resources */ = {isa = PBXBuildFile; fileRef = E6D37BED0D31693300557F3F /* FeedProvider.py */; };
		E6D37BFD0D316A0100557F3F /* autorss.py in Resources */ = {isa = PBXBuildFile; fileRef = E6D37BFC0D316A0100557F3F /* autorss.py */; };
		E6D37C1B0D316A2B00557F3F /* timeoutsocket.py in Resources */ = {isa = PBXBuildFile; fileRef = E6D37C1A0D316A2B00557F3F /* timeoutsocket.py */; };
		E6D37C590D31765A00557F3F /* ComAppleSafari.py in Resources */ = {isa = PBXBuildFile; fileRef = E6D37C580D31765A00557F3F /* ComAppleSafari.py */; };
		E6D37C910D3178AB00557F3F /* ComRancheroNetNewsWire.py in Resources */ = {isa = PBXBuildFile; fileRef = E6D37C900D3178AB00557F3F /* ComRancheroNetNewsWire.py */; };
/* End PBXBuildFile section */

/* Begin PBXFileReference section */
		089C165DFE840E0CC02AAC07 /* InfoPlist.strings */ = {isa = PBXFileReference; fileEncoding = 10; lastKnownFileType = text.plist.strings; path = InfoPlist.strings; sourceTree = "<group>"; };
		1058C7A1FEA54F0111CA2CBB /* Cocoa.framework */ = {isa = PBXFileReference; lastKnownFileType = wrapper.framework; name = Cocoa.framework; path = /System/Library/Frameworks/Cocoa.framework; sourceTree = "<absolute>"; };
		13E42FB307B3F0F600E4EEF1 /* CoreData.framework */ = {isa = PBXFileReference; lastKnownFileType = wrapper.framework; name = CoreData.framework; path = /System/Library/Frameworks/CoreData.framework; sourceTree = "<absolute>"; };
		29B97316FDCFA39411CA2CEA /* main.m */ = {isa = PBXFileReference; fileEncoding = 4; lastKnownFileType = sourcecode.c.objc; path = main.m; sourceTree = "<group>"; };
		29B97324FDCFA39411CA2CEA /* AppKit.framework */ = {isa = PBXFileReference; lastKnownFileType = wrapper.framework; name = AppKit.framework; path = /System/Library/Frameworks/AppKit.framework; sourceTree = "<absolute>"; };
		29B97325FDCFA39411CA2CEA /* Foundation.framework */ = {isa = PBXFileReference; lastKnownFileType = wrapper.framework; name = Foundation.framework; path = /System/Library/Frameworks/Foundation.framework; sourceTree = "<absolute>"; };
		32CA4F630368D1EE00C91783 /* PyShelf_Prefix.pch */ = {isa = PBXFileReference; fileEncoding = 4; lastKnownFileType = sourcecode.c.h; path = PyShelf_Prefix.pch; sourceTree = "<group>"; };
		77631A260C06C501005415CB /* Python.framework */ = {isa = PBXFileReference; lastKnownFileType = wrapper.framework; name = Python.framework; path = /System/Library/Frameworks/Python.framework; sourceTree = "<absolute>"; };
		77631A3E0C0748CF005415CB /* main.py */ = {isa = PBXFileReference; fileEncoding = 4; lastKnownFileType = text.script.python; path = main.py; sourceTree = "<group>"; };
		7790198E0C07548A00326F66 /* PyShelfAppDelegate.py */ = {isa = PBXFileReference; fileEncoding = 4; lastKnownFileType = text.script.python; path = PyShelfAppDelegate.py; sourceTree = "<group>"; };
		77C8C1F80C07829500965286 /* MainMenu.xib */ = {isa = PBXFileReference; lastKnownFileType = file.xib; path = MainMenu.xib; sourceTree = "<group>"; };
		8D1107310486CEB800E47090 /* Info.plist */ = {isa = PBXFileReference; fileEncoding = 4; lastKnownFileType = text.plist.xml; path = Info.plist; sourceTree = "<group>"; };
		8D1107320486CEB800E47090 /* Shelf.app */ = {isa = PBXFileReference; explicitFileType = wrapper.application; includeInIndex = 0; path = Shelf.app; sourceTree = BUILT_PRODUCTS_DIR; };
		E61E42EC0D31419900C40C6E /* PyShelfWindowController.py */ = {isa = PBXFileReference; fileEncoding = 4; lastKnownFileType = text.script.python; path = PyShelfWindowController.py; sourceTree = "<group>"; };
		E64930990D32894B00793315 /* ComAppleAddressBook.py */ = {isa = PBXFileReference; fileEncoding = 4; lastKnownFileType = text.script.python; path = ComAppleAddressBook.py; sourceTree = "<group>"; };
		E66862530D323D9A0051F65F /* DopplrProvider.py */ = {isa = PBXFileReference; fileEncoding = 4; lastKnownFileType = text.script.python; path = DopplrProvider.py; sourceTree = "<group>"; };
		E66862CB0D3245BA0051F65F /* FlickrProvider.py */ = {isa = PBXFileReference; fileEncoding = 4; lastKnownFileType = text.script.python; path = FlickrProvider.py; sourceTree = "<group>"; };
		E678866E0D3192A90024C8D6 /* microformatparser.py */ = {isa = PBXFileReference; fileEncoding = 4; lastKnownFileType = text.script.python; path = microformatparser.py; sourceTree = "<group>"; };
		E67886B40D320F100024C8D6 /* Credits.html */ = {isa = PBXFileReference; fileEncoding = 4; lastKnownFileType = text.html; path = Credits.html; sourceTree = "<group>"; };
		E67886B90D3223520024C8D6 /* Clue.py */ = {isa = PBXFileReference; fileEncoding = 4; lastKnownFileType = text.script.python; path = Clue.py; sourceTree = "<group>"; };
		E6816B7A0D32372C0061EAD4 /* spinner.gif */ = {isa = PBXFileReference; lastKnownFileType = image.gif; path = spinner.gif; sourceTree = "<group>"; };
		E68417420D314AA70002A660 /* ComAppleMail.py */ = {isa = PBXFileReference; fileEncoding = 4; lastKnownFileType = text.script.python; path = ComAppleMail.py; sourceTree = "<group>"; };
		E68417440D314AC00002A660 /* Extractor.py */ = {isa = PBXFileReference; fileEncoding = 4; lastKnownFileType = text.script.python; path = Extractor.py; sourceTree = "<group>"; };
		E68418120D315C840002A660 /* BasicProvider.py */ = {isa = PBXFileReference; fileEncoding = 4; lastKnownFileType = text.script.python; path = BasicProvider.py; sourceTree = "<group>"; };
		E68418140D315C950002A660 /* Provider.py */ = {isa = PBXFileReference; fileEncoding = 4; lastKnownFileType = text.script.python; path = Provider.py; sourceTree = "<group>"; };
		E68418680D315F4D0002A660 /* Utilities.py */ = {isa = PBXFileReference; fileEncoding = 4; lastKnownFileType = text.script.python; path = Utilities.py; sourceTree = "<group>"; };
		E692373B0D32720A00231B16 /* ComAppleIChat.py */ = {isa = PBXFileReference; fileEncoding = 4; lastKnownFileType = text.script.python; path = ComAppleIChat.py; sourceTree = "<group>"; };
		E6B90E900D317E27002399DA /* ComIconfactoryTwitterrific.py */ = {isa = PBXFileReference; fileEncoding = 4; lastKnownFileType = text.script.python; path = ComIconfactoryTwitterrific.py; sourceTree = "<group>"; };
		E6B90EB30D317FC0002399DA /* ComAdiumXAdiumX.py */ = {isa = PBXFileReference; fileEncoding = 4; lastKnownFileType = text.script.python; path = ComAdiumXAdiumX.py; sourceTree = "<group>"; };
		E6D37BEA0D31692500557F3F /* feedparser.py */ = {isa = PBXFileReference; fileEncoding = 4; lastKnownFileType = text.script.python; path = feedparser.py; sourceTree = "<group>"; };
		E6D37BED0D31693300557F3F /* FeedProvider.py */ = {isa = PBXFileReference; fileEncoding = 4; lastKnownFileType = text.script.python; path = FeedProvider.py; sourceTree = "<group>"; };
		E6D37BFC0D316A0100557F3F /* autorss.py */ = {isa = PBXFileReference; fileEncoding = 4; lastKnownFileType = text.script.python; path = autorss.py; sourceTree = "<group>"; };
		E6D37C1A0D316A2B00557F3F /* timeoutsocket.py */ = {isa = PBXFileReference; fileEncoding = 4; lastKnownFileType = text.script.python; path = timeoutsocket.py; sourceTree = "<group>"; };
		E6D37C580D31765A00557F3F /* ComAppleSafari.py */ = {isa = PBXFileReference; fileEncoding = 4; lastKnownFileType = text.script.python; path = ComAppleSafari.py; sourceTree = "<group>"; };
		E6D37C900D3178AB00557F3F /* ComRancheroNetNewsWire.py */ = {isa = PBXFileReference; fileEncoding = 4; lastKnownFileType = text.script.python; path = ComRancheroNetNewsWire.py; sourceTree = "<group>"; };
/* End PBXFileReference section */

/* Begin PBXFrameworksBuildPhase section */
		8D11072E0486CEB800E47090 /* Frameworks */ = {
			isa = PBXFrameworksBuildPhase;
			buildActionMask = 2147483647;
			files = (
				8D11072F0486CEB800E47090 /* Cocoa.framework in Frameworks */,
				77631A270C06C501005415CB /* Python.framework in Frameworks */,
			);
			runOnlyForDeploymentPostprocessing = 0;
		};
/* End PBXFrameworksBuildPhase section */

/* Begin PBXGroup section */
		080E96DDFE201D6D7F000001 /* Classes */ = {
			isa = PBXGroup;
			children = (
				7790198E0C07548A00326F66 /* PyShelfAppDelegate.py */,
				E61E42EC0D31419900C40C6E /* PyShelfWindowController.py */,
				E68417440D314AC00002A660 /* Extractor.py */,
				E68418140D315C950002A660 /* Provider.py */,
				E68418680D315F4D0002A660 /* Utilities.py */,
				E67886B90D3223520024C8D6 /* Clue.py */,
			);
			name = Classes;
			sourceTree = "<group>";
		};
		1058C7A0FEA54F0111CA2CBB /* Linked Frameworks */ = {
			isa = PBXGroup;
			children = (
				77631A260C06C501005415CB /* Python.framework */,
				1058C7A1FEA54F0111CA2CBB /* Cocoa.framework */,
			);
			name = "Linked Frameworks";
			sourceTree = "<group>";
		};
		1058C7A2FEA54F0111CA2CBB /* Other Frameworks */ = {
			isa = PBXGroup;
			children = (
				29B97324FDCFA39411CA2CEA /* AppKit.framework */,
				13E42FB307B3F0F600E4EEF1 /* CoreData.framework */,
				29B97325FDCFA39411CA2CEA /* Foundation.framework */,
			);
			name = "Other Frameworks";
			sourceTree = "<group>";
		};
		19C28FACFE9D520D11CA2CBB /* Products */ = {
			isa = PBXGroup;
			children = (
				8D1107320486CEB800E47090 /* Shelf.app */,
			);
			name = Products;
			sourceTree = "<group>";
		};
		29B97314FDCFA39411CA2CEA /* PyShelf */ = {
			isa = PBXGroup;
			children = (
				080E96DDFE201D6D7F000001 /* Classes */,
				E68417400D314A8E0002A660 /* Extractors */,
				E68418110D315C780002A660 /* Providers */,
				E6D37C070D316A0600557F3F /* Libs */,
				29B97315FDCFA39411CA2CEA /* Other Sources */,
				29B97317FDCFA39411CA2CEA /* Resources */,
				29B97323FDCFA39411CA2CEA /* Frameworks */,
				19C28FACFE9D520D11CA2CBB /* Products */,
			);
			name = PyShelf;
			sourceTree = "<group>";
		};
		29B97315FDCFA39411CA2CEA /* Other Sources */ = {
			isa = PBXGroup;
			children = (
				32CA4F630368D1EE00C91783 /* PyShelf_Prefix.pch */,
				29B97316FDCFA39411CA2CEA /* main.m */,
				77631A3E0C0748CF005415CB /* main.py */,
			);
			name = "Other Sources";
			sourceTree = "<group>";
		};
		29B97317FDCFA39411CA2CEA /* Resources */ = {
			isa = PBXGroup;
			children = (
				E6816B7A0D32372C0061EAD4 /* spinner.gif */,
				77C8C1F80C07829500965286 /* MainMenu.xib */,
				8D1107310486CEB800E47090 /* Info.plist */,
				089C165DFE840E0CC02AAC07 /* InfoPlist.strings */,
				E67886B40D320F100024C8D6 /* Credits.html */,
			);
			name = Resources;
			sourceTree = "<group>";
		};
		29B97323FDCFA39411CA2CEA /* Frameworks */ = {
			isa = PBXGroup;
			children = (
				1058C7A0FEA54F0111CA2CBB /* Linked Frameworks */,
				1058C7A2FEA54F0111CA2CBB /* Other Frameworks */,
			);
			name = Frameworks;
			sourceTree = "<group>";
		};
		E68417400D314A8E0002A660 /* Extractors */ = {
			isa = PBXGroup;
			children = (
				E68417420D314AA70002A660 /* ComAppleMail.py */,
				E6D37C580D31765A00557F3F /* ComAppleSafari.py */,
				E6D37C900D3178AB00557F3F /* ComRancheroNetNewsWire.py */,
				E6B90E900D317E27002399DA /* ComIconfactoryTwitterrific.py */,
				E6B90EB30D317FC0002399DA /* ComAdiumXAdiumX.py */,
				E692373B0D32720A00231B16 /* ComAppleIChat.py */,
				E64930990D32894B00793315 /* ComAppleAddressBook.py */,
			);
			name = Extractors;
			sourceTree = "<group>";
		};
		E68418110D315C780002A660 /* Providers */ = {
			isa = PBXGroup;
			children = (
				E68418120D315C840002A660 /* BasicProvider.py */,
				E6D37BED0D31693300557F3F /* FeedProvider.py */,
				E66862530D323D9A0051F65F /* DopplrProvider.py */,
				E66862CB0D3245BA0051F65F /* FlickrProvider.py */,
			);
			name = Providers;
			sourceTree = "<group>";
		};
		E6D37C070D316A0600557F3F /* Libs */ = {
			isa = PBXGroup;
			children = (
				E678866E0D3192A90024C8D6 /* microformatparser.py */,
				E6D37BFC0D316A0100557F3F /* autorss.py */,
				E6D37C1A0D316A2B00557F3F /* timeoutsocket.py */,
				E6D37BEA0D31692500557F3F /* feedparser.py */,
			);
			name = Libs;
			sourceTree = "<group>";
		};
/* End PBXGroup section */

/* Begin PBXNativeTarget section */
		8D1107260486CEB800E47090 /* Shelf */ = {
			isa = PBXNativeTarget;
			buildConfigurationList = C01FCF4A08A954540054247B /* Build configuration list for PBXNativeTarget "Shelf" */;
			buildPhases = (
				8D1107290486CEB800E47090 /* Resources */,
				8D11072C0486CEB800E47090 /* Sources */,
				8D11072E0486CEB800E47090 /* Frameworks */,
			);
			buildRules = (
			);
			dependencies = (
			);
			name = Shelf;
			productInstallPath = "$(HOME)/Applications";
			productName = PyShelf;
			productReference = 8D1107320486CEB800E47090 /* Shelf.app */;
			productType = "com.apple.product-type.application";
		};
/* End PBXNativeTarget section */

/* Begin PBXProject section */
		29B97313FDCFA39411CA2CEA /* Project object */ = {
			isa = PBXProject;
			buildConfigurationList = C01FCF4E08A954540054247B /* Build configuration list for PBXProject "PyShelf" */;
			compatibilityVersion = "Xcode 3.0";
			hasScannedForEncodings = 1;
			mainGroup = 29B97314FDCFA39411CA2CEA /* PyShelf */;
			projectDirPath = "";
			projectRoot = "";
			targets = (
				8D1107260486CEB800E47090 /* Shelf */,
			);
		};
/* End PBXProject section */

/* Begin PBXResourcesBuildPhase section */
		8D1107290486CEB800E47090 /* Resources */ = {
			isa = PBXResourcesBuildPhase;
			buildActionMask = 2147483647;
			files = (
				E68417B70D3158220002A660 /* InfoPlist.strings in Resources */,
				77631A3F0C0748CF005415CB /* main.py in Resources */,
				7790198F0C07548A00326F66 /* PyShelfAppDelegate.py in Resources */,
				E68417B50D3158190002A660 /* MainMenu.xib in Resources */,
				E61E42ED0D31419900C40C6E /* PyShelfWindowController.py in Resources */,
				E68417430D314AA70002A660 /* ComAppleMail.py in Resources */,
				E68417450D314AC00002A660 /* Extractor.py in Resources */,
				E68418130D315C840002A660 /* BasicProvider.py in Resources */,
				E68418150D315C950002A660 /* Provider.py in Resources */,
				E68418690D315F4D0002A660 /* Utilities.py in Resources */,
				E6D37BEB0D31692500557F3F /* feedparser.py in Resources */,
				E6D37BEE0D31693300557F3F /* FeedProvider.py in Resources */,
				E6D37BFD0D316A0100557F3F /* autorss.py in Resources */,
				E6D37C1B0D316A2B00557F3F /* timeoutsocket.py in Resources */,
				E6D37C590D31765A00557F3F /* ComAppleSafari.py in Resources */,
				E6D37C910D3178AB00557F3F /* ComRancheroNetNewsWire.py in Resources */,
				E6B90E910D317E27002399DA /* ComIconfactoryTwitterrific.py in Resources */,
				E6B90EB40D317FC0002399DA /* ComAdiumXAdiumX.py in Resources */,
				E678866F0D3192A90024C8D6 /* microformatparser.py in Resources */,
				E67886B50D320F100024C8D6 /* Credits.html in Resources */,
				E67886BA0D3223520024C8D6 /* Clue.py in Resources */,
				E6816B7B0D32372C0061EAD4 /* spinner.gif in Resources */,
				E66862540D323D9A0051F65F /* DopplrProvider.py in Resources */,
				E66862CC0D3245BA0051F65F /* FlickrProvider.py in Resources */,
				E692373C0D32720A00231B16 /* ComAppleIChat.py in Resources */,
				E649309A0D32894B00793315 /* ComAppleAddressBook.py in Resources */,
			);
			runOnlyForDeploymentPostprocessing = 0;
		};
/* End PBXResourcesBuildPhase section */

/* Begin PBXSourcesBuildPhase section */
		8D11072C0486CEB800E47090 /* Sources */ = {
			isa = PBXSourcesBuildPhase;
			buildActionMask = 2147483647;
			files = (
				8D11072D0486CEB800E47090 /* main.m in Sources */,
			);
			runOnlyForDeploymentPostprocessing = 0;
		};
/* End PBXSourcesBuildPhase section */

/* Begin XCBuildConfiguration section */
		C01FCF4B08A954540054247B /* Debug */ = {
			isa = XCBuildConfiguration;
			buildSettings = {
				COPY_PHASE_STRIP = NO;
				GCC_DYNAMIC_NO_PIC = NO;
				GCC_ENABLE_FIX_AND_CONTINUE = YES;
				GCC_MODEL_TUNING = G5;
				GCC_OPTIMIZATION_LEVEL = 0;
				GCC_PRECOMPILE_PREFIX_HEADER = YES;
				GCC_PREFIX_HEADER = PyShelf_Prefix.pch;
				INFOPLIST_FILE = Info.plist;
				INSTALL_PATH = "$(HOME)/Applications";
				PRODUCT_NAME = PyShelf;
				WRAPPER_EXTENSION = app;
				ZERO_LINK = YES;
			};
			name = Debug;
		};
		C01FCF4C08A954540054247B /* Release */ = {
			isa = XCBuildConfiguration;
			buildSettings = {
				DEBUG_INFORMATION_FORMAT = "dwarf-with-dsym";
				GCC_MODEL_TUNING = G5;
				GCC_PRECOMPILE_PREFIX_HEADER = YES;
				GCC_PREFIX_HEADER = PyShelf_Prefix.pch;
				INFOPLIST_FILE = Info.plist;
				INSTALL_PATH = "$(HOME)/Applications";
				PRODUCT_NAME = Shelf;
				WRAPPER_EXTENSION = app;
			};
			name = Release;
		};
		C01FCF4F08A954540054247B /* Debug */ = {
			isa = XCBuildConfiguration;
			buildSettings = {
				GCC_WARN_ABOUT_RETURN_TYPE = YES;
				GCC_WARN_UNUSED_VARIABLE = YES;
				PREBINDING = NO;
				SDKROOT = "$(DEVELOPER_SDK_DIR)/MacOSX10.5.sdk";
			};
			name = Debug;
		};
		C01FCF5008A954540054247B /* Release */ = {
			isa = XCBuildConfiguration;
			buildSettings = {
				ARCHS = (
					ppc,
					i386,
				);
				GCC_WARN_ABOUT_RETURN_TYPE = YES;
				GCC_WARN_UNUSED_VARIABLE = YES;
				PREBINDING = NO;
				SDKROOT = "$(DEVELOPER_SDK_DIR)/MacOSX10.5.sdk";
			};
			name = Release;
		};
/* End XCBuildConfiguration section */

/* Begin XCConfigurationList section */
		C01FCF4A08A954540054247B /* Build configuration list for PBXNativeTarget "Shelf" */ = {
			isa = XCConfigurationList;
			buildConfigurations = (
				C01FCF4B08A954540054247B /* Debug */,
				C01FCF4C08A954540054247B /* Release */,
			);
			defaultConfigurationIsVisible = 0;
			defaultConfigurationName = Release;
		};
		C01FCF4E08A954540054247B /* Build configuration list for PBXProject "PyShelf" */ = {
			isa = XCConfigurationList;
			buildConfigurations = (
				C01FCF4F08A954540054247B /* Debug */,
				C01FCF5008A954540054247B /* Release */,
			);
			defaultConfigurationIsVisible = 0;
			defaultConfigurationName = Release;
		};
/* End XCConfigurationList section */
	};
	rootObject = 29B97313FDCFA39411CA2CEA /* Project object */;
}
